// !$*UTF8*$!
{
	archiveVersion = 1;
	classes = {
	};
	objectVersion = 48;
	objects = {

/* Begin PBXBuildFile section */
		F5DE26371FDA4B8C002AA875 /* AppDelegate.swift in Sources */ = {isa = PBXBuildFile; fileRef = F5DE26361FDA4B8C002AA875 /* AppDelegate.swift */; };
		F5DE26391FDA4B8C002AA875 /* ViewController.swift in Sources */ = {isa = PBXBuildFile; fileRef = F5DE26381FDA4B8C002AA875 /* ViewController.swift */; };
		F5DE263C1FDA4B8C002AA875 /* Main.storyboard in Resources */ = {isa = PBXBuildFile; fileRef = F5DE263A1FDA4B8C002AA875 /* Main.storyboard */; };
		F5DE263E1FDA4B8C002AA875 /* Assets.xcassets in Resources */ = {isa = PBXBuildFile; fileRef = F5DE263D1FDA4B8C002AA875 /* Assets.xcassets */; };
		F5DE26411FDA4B8C002AA875 /* LaunchScreen.storyboard in Resources */ = {isa = PBXBuildFile; fileRef = F5DE263F1FDA4B8C002AA875 /* LaunchScreen.storyboard */; };
		F5DE26491FDA4BD7002AA875 /* CustomCell.swift in Sources */ = {isa = PBXBuildFile; fileRef = F5DE26481FDA4BD7002AA875 /* CustomCell.swift */; };
		F5DE264B1FDA55F3002AA875 /* ManageRequestData.swift in Sources */ = {isa = PBXBuildFile; fileRef = F5DE264A1FDA55F3002AA875 /* ManageRequestData.swift */; };
		F5DE264D1FDA55F8002AA875 /* Reachability.swift in Sources */ = {isa = PBXBuildFile; fileRef = F5DE264C1FDA55F8002AA875 /* Reachability.swift */; };
		F5DE264F1FDA561A002AA875 /* Model_API.swift in Sources */ = {isa = PBXBuildFile; fileRef = F5DE264E1FDA561A002AA875 /* Model_API.swift */; };
/* End PBXBuildFile section */

/* Begin PBXFileReference section */
		F5DE26331FDA4B8C002AA875 /* DynamicTableView.app */ = {isa = PBXFileReference; explicitFileType = wrapper.application; includeInIndex = 0; path = DynamicTableView.app; sourceTree = BUILT_PRODUCTS_DIR; };
		F5DE26361FDA4B8C002AA875 /* AppDelegate.swift */ = {isa = PBXFileReference; lastKnownFileType = sourcecode.swift; path = AppDelegate.swift; sourceTree = "<group>"; };
		F5DE26381FDA4B8C002AA875 /* ViewController.swift */ = {isa = PBXFileReference; lastKnownFileType = sourcecode.swift; path = ViewController.swift; sourceTree = "<group>"; };
		F5DE263B1FDA4B8C002AA875 /* Base */ = {isa = PBXFileReference; lastKnownFileType = file.storyboard; name = Base; path = Base.lproj/Main.storyboard; sourceTree = "<group>"; };
		F5DE263D1FDA4B8C002AA875 /* Assets.xcassets */ = {isa = PBXFileReference; lastKnownFileType = folder.assetcatalog; path = Assets.xcassets; sourceTree = "<group>"; };
		F5DE26401FDA4B8C002AA875 /* Base */ = {isa = PBXFileReference; lastKnownFileType = file.storyboard; name = Base; path = Base.lproj/LaunchScreen.storyboard; sourceTree = "<group>"; };
		F5DE26421FDA4B8C002AA875 /* Info.plist */ = {isa = PBXFileReference; lastKnownFileType = text.plist.xml; path = Info.plist; sourceTree = "<group>"; };
		F5DE26481FDA4BD7002AA875 /* CustomCell.swift */ = {isa = PBXFileReference; lastKnownFileType = sourcecode.swift; path = CustomCell.swift; sourceTree = "<group>"; };
		F5DE264A1FDA55F3002AA875 /* ManageRequestData.swift */ = {isa = PBXFileReference; fileEncoding = 4; lastKnownFileType = sourcecode.swift; path = ManageRequestData.swift; sourceTree = "<group>"; };
		F5DE264C1FDA55F8002AA875 /* Reachability.swift */ = {isa = PBXFileReference; fileEncoding = 4; lastKnownFileType = sourcecode.swift; path = Reachability.swift; sourceTree = "<group>"; };
		F5DE264E1FDA561A002AA875 /* Model_API.swift */ = {isa = PBXFileReference; fileEncoding = 4; lastKnownFileType = sourcecode.swift; path = Model_API.swift; sourceTree = "<group>"; };
/* End PBXFileReference section */

/* Begin PBXFrameworksBuildPhase section */
		F5DE26301FDA4B8C002AA875 /* Frameworks */ = {
			isa = PBXFrameworksBuildPhase;
			buildActionMask = 2147483647;
			files = (
			);
			runOnlyForDeploymentPostprocessing = 0;
		};
/* End PBXFrameworksBuildPhase section */

/* Begin PBXGroup section */
		F50A89F91FDF8284000E0075 /* Model */ = {
			isa = PBXGroup;
			children = (
				F5DE264E1FDA561A002AA875 /* Model_API.swift */,
			);
			path = Model;
			sourceTree = "<group>";
		};
		F50A89FA1FDF829D000E0075 /* View */ = {
			isa = PBXGroup;
			children = (
				F5DE26481FDA4BD7002AA875 /* CustomCell.swift */,
			);
			path = View;
			sourceTree = "<group>";
		};
		F50A89FB1FDF82A4000E0075 /* ViewController */ = {
			isa = PBXGroup;
			children = (
				F5DE26381FDA4B8C002AA875 /* ViewController.swift */,
			);
			path = ViewController;
			sourceTree = "<group>";
		};
		F50A89FC1FDF82B8000E0075 /* Library */ = {
			isa = PBXGroup;
			children = (
				F5DE264A1FDA55F3002AA875 /* ManageRequestData.swift */,
				F50A89FD1FDF82C5000E0075 /* Helper */,
			);
			path = Library;
			sourceTree = "<group>";
		};
		F50A89FD1FDF82C5000E0075 /* Helper */ = {
			isa = PBXGroup;
			children = (
				F5DE264C1FDA55F8002AA875 /* Reachability.swift */,
			);
			path = Helper;
			sourceTree = "<group>";
		};
		F5DE262A1FDA4B8C002AA875 = {
			isa = PBXGroup;
			children = (
				F5DE26351FDA4B8C002AA875 /* DynamicTableView */,
				F5DE26341FDA4B8C002AA875 /* Products */,
			);
			sourceTree = "<group>";
		};
		F5DE26341FDA4B8C002AA875 /* Products */ = {
			isa = PBXGroup;
			children = (
				F5DE26331FDA4B8C002AA875 /* DynamicTableView.app */,
			);
			name = Products;
			sourceTree = "<group>";
		};
		F5DE26351FDA4B8C002AA875 /* DynamicTableView */ = {
			isa = PBXGroup;
			children = (
				F5DE26361FDA4B8C002AA875 /* AppDelegate.swift */,
				F50A89FB1FDF82A4000E0075 /* ViewController */,
				F50A89FA1FDF829D000E0075 /* View */,
				F50A89F91FDF8284000E0075 /* Model */,
				F50A89FC1FDF82B8000E0075 /* Library */,
				F5DE263D1FDA4B8C002AA875 /* Assets.xcassets */,
				F5DE263A1FDA4B8C002AA875 /* Main.storyboard */,
				F5DE263F1FDA4B8C002AA875 /* LaunchScreen.storyboard */,
				F5DE26421FDA4B8C002AA875 /* Info.plist */,
			);
			path = DynamicTableView;
			sourceTree = "<group>";
		};
/* End PBXGroup section */

/* Begin PBXNativeTarget section */
		F5DE26321FDA4B8C002AA875 /* DynamicTableView */ = {
			isa = PBXNativeTarget;
			buildConfigurationList = F5DE26451FDA4B8C002AA875 /* Build configuration list for PBXNativeTarget "DynamicTableView" */;
			buildPhases = (
				F5DE262F1FDA4B8C002AA875 /* Sources */,
				F5DE26301FDA4B8C002AA875 /* Frameworks */,
				F5DE26311FDA4B8C002AA875 /* Resources */,
			);
			buildRules = (
			);
			dependencies = (
			);
			name = DynamicTableView;
			productName = DynamicTableView;
			productReference = F5DE26331FDA4B8C002AA875 /* DynamicTableView.app */;
			productType = "com.apple.product-type.application";
		};
/* End PBXNativeTarget section */

/* Begin PBXProject section */
		F5DE262B1FDA4B8C002AA875 /* Project object */ = {
			isa = PBXProject;
			attributes = {
				LastSwiftUpdateCheck = 0920;
				LastUpgradeCheck = 0920;
				ORGANIZATIONNAME = MaDonRa;
				TargetAttributes = {
					F5DE26321FDA4B8C002AA875 = {
						CreatedOnToolsVersion = 9.2;
						ProvisioningStyle = Automatic;
					};
				};
			};
			buildConfigurationList = F5DE262E1FDA4B8C002AA875 /* Build configuration list for PBXProject "DynamicTableView" */;
			compatibilityVersion = "Xcode 8.0";
			developmentRegion = en;
			hasScannedForEncodings = 0;
			knownRegions = (
				en,
				Base,
			);
			mainGroup = F5DE262A1FDA4B8C002AA875;
			productRefGroup = F5DE26341FDA4B8C002AA875 /* Products */;
			projectDirPath = "";
			projectRoot = "";
			targets = (
				F5DE26321FDA4B8C002AA875 /* DynamicTableView */,
			);
		};
/* End PBXProject section */

/* Begin PBXResourcesBuildPhase section */
		F5DE26311FDA4B8C002AA875 /* Resources */ = {
			isa = PBXResourcesBuildPhase;
			buildActionMask = 2147483647;
			files = (
				F5DE26411FDA4B8C002AA875 /* LaunchScreen.storyboard in Resources */,
				F5DE263E1FDA4B8C002AA875 /* Assets.xcassets in Resources */,
				F5DE263C1FDA4B8C002AA875 /* Main.storyboard in Resources */,
			);
			runOnlyForDeploymentPostprocessing = 0;
		};
/* End PBXResourcesBuildPhase section */

/* Begin PBXSourcesBuildPhase section */
		F5DE262F1FDA4B8C002AA875 /* Sources */ = {
			isa = PBXSourcesBuildPhase;
			buildActionMask = 2147483647;
			files = (
				F5DE264F1FDA561A002AA875 /* Model_API.swift in Sources */,
				F5DE26391FDA4B8C002AA875 /* ViewController.swift in Sources */,
				F5DE26491FDA4BD7002AA875 /* CustomCell.swift in Sources */,
				F5DE264B1FDA55F3002AA875 /* ManageRequestData.swift in Sources */,
				F5DE264D1FDA55F8002AA875 /* Reachability.swift in Sources */,
				F5DE26371FDA4B8C002AA875 /* AppDelegate.swift in Sources */,
			);
			runOnlyForDeploymentPostprocessing = 0;
		};
/* End PBXSourcesBuildPhase section */

/* Begin PBXVariantGroup section */
		F5DE263A1FDA4B8C002AA875 /* Main.storyboard */ = {
			isa = PBXVariantGroup;
			children = (
				F5DE263B1FDA4B8C002AA875 /* Base */,
			);
			name = Main.storyboard;
			sourceTree = "<group>";
		};
		F5DE263F1FDA4B8C002AA875 /* LaunchScreen.storyboard */ = {
			isa = PBXVariantGroup;
			children = (
				F5DE26401FDA4B8C002AA875 /* Base */,
			);
			name = LaunchScreen.storyboard;
			sourceTree = "<group>";
		};
/* End PBXVariantGroup section */

/* Begin XCBuildConfiguration section */
		F5DE26431FDA4B8C002AA875 /* Debug */ = {
			isa = XCBuildConfiguration;
			buildSettings = {
				ALWAYS_SEARCH_USER_PATHS = NO;
				CLANG_ANALYZER_NONNULL = YES;
				CLANG_ANALYZER_NUMBER_OBJECT_CONVERSION = YES_AGGRESSIVE;
				CLANG_CXX_LANGUAGE_STANDARD = "gnu++14";
				CLANG_CXX_LIBRARY = "libc++";
				CLANG_ENABLE_MODULES = YES;
				CLANG_ENABLE_OBJC_ARC = YES;
				CLANG_WARN_BLOCK_CAPTURE_AUTORELEASING = YES;
				CLANG_WARN_BOOL_CONVERSION = YES;
				CLANG_WARN_COMMA = YES;
				CLANG_WARN_CONSTANT_CONVERSION = YES;
				CLANG_WARN_DIRECT_OBJC_ISA_USAGE = YES_ERROR;
				CLANG_WARN_DOCUMENTATION_COMMENTS = YES;
				CLANG_WARN_EMPTY_BODY = YES;
				CLANG_WARN_ENUM_CONVERSION = YES;
				CLANG_WARN_INFINITE_RECURSION = YES;
				CLANG_WARN_INT_CONVERSION = YES;
				CLANG_WARN_NON_LITERAL_NULL_CONVERSION = YES;
				CLANG_WARN_OBJC_LITERAL_CONVERSION = YES;
				CLANG_WARN_OBJC_ROOT_CLASS = YES_ERROR;
				CLANG_WARN_RANGE_LOOP_ANALYSIS = YES;
				CLANG_WARN_STRICT_PROTOTYPES = YES;
				CLANG_WARN_SUSPICIOUS_MOVE = YES;
				CLANG_WARN_UNGUARDED_AVAILABILITY = YES_AGGRESSIVE;
				CLANG_WARN_UNREACHABLE_CODE = YES;
				CLANG_WARN__DUPLICATE_METHOD_MATCH = YES;
				CODE_SIGN_IDENTITY = "iPhone Developer";
				COPY_PHASE_STRIP = NO;
				DEBUG_INFORMATION_FORMAT = dwarf;
				ENABLE_STRICT_OBJC_MSGSEND = YES;
				ENABLE_TESTABILITY = YES;
				GCC_C_LANGUAGE_STANDARD = gnu11;
				GCC_DYNAMIC_NO_PIC = NO;
				GCC_NO_COMMON_BLOCKS = YES;
				GCC_OPTIMIZATION_LEVEL = 0;
				GCC_PREPROCESSOR_DEFINITIONS = (
					"DEBUG=1",
					"$(inherited)",
				);
				GCC_WARN_64_TO_32_BIT_CONVERSION = YES;
				GCC_WARN_ABOUT_RETURN_TYPE = YES_ERROR;
				GCC_WARN_UNDECLARED_SELECTOR = YES;
				GCC_WARN_UNINITIALIZED_AUTOS = YES_AGGRESSIVE;
				GCC_WARN_UNUSED_FUNCTION = YES;
				GCC_WARN_UNUSED_VARIABLE = YES;
				IPHONEOS_DEPLOYMENT_TARGET = 11.2;
				MTL_ENABLE_DEBUG_INFO = YES;
				ONLY_ACTIVE_ARCH = YES;
				SDKROOT = iphoneos;
				SWIFT_ACTIVE_COMPILATION_CONDITIONS = DEBUG;
				SWIFT_OPTIMIZATION_LEVEL = "-Onone";
			};
			name = Debug;
		};
		F5DE26441FDA4B8C002AA875 /* Release */ = {
			isa = XCBuildConfiguration;
			buildSettings = {
				ALWAYS_SEARCH_USER_PATHS = NO;
				CLANG_ANALYZER_NONNULL = YES;
				CLANG_ANALYZER_NUMBER_OBJECT_CONVERSION = YES_AGGRESSIVE;
				CLANG_CXX_LANGUAGE_STANDARD = "gnu++14";
				CLANG_CXX_LIBRARY = "libc++";
				CLANG_ENABLE_MODULES = YES;
				CLANG_ENABLE_OBJC_ARC = YES;
				CLANG_WARN_BLOCK_CAPTURE_AUTORELEASING = YES;
				CLANG_WARN_BOOL_CONVERSION = YES;
				CLANG_WARN_COMMA = YES;
				CLANG_WARN_CONSTANT_CONVERSION = YES;
				CLANG_WARN_DIRECT_OBJC_ISA_USAGE = YES_ERROR;
				CLANG_WARN_DOCUMENTATION_COMMENTS = YES;
				CLANG_WARN_EMPTY_BODY = YES;
				CLANG_WARN_ENUM_CONVERSION = YES;
				CLANG_WARN_INFINITE_RECURSION = YES;
				CLANG_WARN_INT_CONVERSION = YES;
				CLANG_WARN_NON_LITERAL_NULL_CONVERSION = YES;
				CLANG_WARN_OBJC_LITERAL_CONVERSION = YES;
				CLANG_WARN_OBJC_ROOT_CLASS = YES_ERROR;
				CLANG_WARN_RANGE_LOOP_ANALYSIS = YES;
				CLANG_WARN_STRICT_PROTOTYPES = YES;
				CLANG_WARN_SUSPICIOUS_MOVE = YES;
				CLANG_WARN_UNGUARDED_AVAILABILITY = YES_AGGRESSIVE;
				CLANG_WARN_UNREACHABLE_CODE = YES;
				CLANG_WARN__DUPLICATE_METHOD_MATCH = YES;
				CODE_SIGN_IDENTITY = "iPhone Developer";
				COPY_PHASE_STRIP = NO;
				DEBUG_INFORMATION_FORMAT = "dwarf-with-dsym";
				ENABLE_NS_ASSERTIONS = NO;
				ENABLE_STRICT_OBJC_MSGSEND = YES;
				GCC_C_LANGUAGE_STANDARD = gnu11;
				GCC_NO_COMMON_BLOCKS = YES;
				GCC_WARN_64_TO_32_BIT_CONVERSION = YES;
				GCC_WARN_ABOUT_RETURN_TYPE = YES_ERROR;
				GCC_WARN_UNDECLARED_SELECTOR = YES;
				GCC_WARN_UNINITIALIZED_AUTOS = YES_AGGRESSIVE;
				GCC_WARN_UNUSED_FUNCTION = YES;
				GCC_WARN_UNUSED_VARIABLE = YES;
				IPHONEOS_DEPLOYMENT_TARGET = 11.2;
				MTL_ENABLE_DEBUG_INFO = NO;
				SDKROOT = iphoneos;
				SWIFT_OPTIMIZATION_LEVEL = "-Owholemodule";
				VALIDATE_PRODUCT = YES;
			};
			name = Release;
		};
		F5DE26461FDA4B8C002AA875 /* Debug */ = {
			isa = XCBuildConfiguration;
			buildSettings = {
				ASSETCATALOG_COMPILER_APPICON_NAME = AppIcon;
				CODE_SIGN_STYLE = Automatic;
				DEVELOPMENT_TEAM = 897VFWUGPC;
				INFOPLIST_FILE = DynamicTableView/Info.plist;
				LD_RUNPATH_SEARCH_PATHS = "$(inherited) @executable_path/Frameworks";
				PRODUCT_BUNDLE_IDENTIFIER = com.MaDonRa.DynamicTableView;
				PRODUCT_NAME = "$(TARGET_NAME)";
				SWIFT_VERSION = 4.0;
				TARGETED_DEVICE_FAMILY = "1,2";
			};
			name = Debug;
		};
		F5DE26471FDA4B8C002AA875 /* Release */ = {
			isa = XCBuildConfiguration;
			buildSettings = {
				ASSETCATALOG_COMPILER_APPICON_NAME = AppIcon;
				CODE_SIGN_STYLE = Automatic;
				DEVELOPMENT_TEAM = 897VFWUGPC;
				INFOPLIST_FILE = DynamicTableView/Info.plist;
				LD_RUNPATH_SEARCH_PATHS = "$(inherited) @executable_path/Frameworks";
				PRODUCT_BUNDLE_IDENTIFIER = com.MaDonRa.DynamicTableView;
				PRODUCT_NAME = "$(TARGET_NAME)";
				SWIFT_VERSION = 4.0;
				TARGETED_DEVICE_FAMILY = "1,2";
			};
			name = Release;
		};
/* End XCBuildConfiguration section */

/* Begin XCConfigurationList section */
		F5DE262E1FDA4B8C002AA875 /* Build configuration list for PBXProject "DynamicTableView" */ = {
			isa = XCConfigurationList;
			buildConfigurations = (
				F5DE26431FDA4B8C002AA875 /* Debug */,
				F5DE26441FDA4B8C002AA875 /* Release */,
			);
			defaultConfigurationIsVisible = 0;
			defaultConfigurationName = Release;
		};
		F5DE26451FDA4B8C002AA875 /* Build configuration list for PBXNativeTarget "DynamicTableView" */ = {
			isa = XCConfigurationList;
			buildConfigurations = (
				F5DE26461FDA4B8C002AA875 /* Debug */,
				F5DE26471FDA4B8C002AA875 /* Release */,
			);
			defaultConfigurationIsVisible = 0;
			defaultConfigurationName = Release;
		};
/* End XCConfigurationList section */
	};
	rootObject = F5DE262B1FDA4B8C002AA875 /* Project object */;
}
